
Microsoft Visual Studio Solution File, Format Version 12.00
# Visual Studio Version 17
VisualStudioVersion = 17.11.35222.181
MinimumVisualStudioVersion = 10.0.40219.1
Project("{FAE04EC0-301F-11D3-BF4B-00C04F79EFBC}") = "ClassExercise2", "ClassExercise2.csproj", "{34F126BF-BA61-4A23-A0C5-B411C4A5186A}"
EndProject
Global
	GlobalSection(SolutionConfigurationPlatforms) = preSolution
		Debug|Any CPU = Debug|Any CPU
		Release|Any CPU = Release|Any CPU
	EndGlobalSection
	GlobalSection(ProjectConfigurationPlatforms) = postSolution
		{34F126BF-BA61-4A23-A0C5-B411C4A5186A}.Debug|Any CPU.ActiveCfg = Debug|Any CPU
		{34F126BF-BA61-4A23-A0C5-B411C4A5186A}.Debug|Any CPU.Build.0 = Debug|Any CPU
		{34F126BF-BA61-4A23-A0C5-B411C4A5186A}.Release|Any CPU.ActiveCfg = Release|Any CPU
		{34F126BF-BA61-4A23-A0C5-B411C4A5186A}.Release|Any CPU.Build.0 = Release|Any CPU
	EndGlobalSection
	GlobalSection(SolutionProperties) = preSolution
		HideSolutionNode = FALSE
	EndGlobalSection
	GlobalSection(ExtensibilityGlobals) = postSolution
		SolutionGuid = {0985D81B-DC7C-43FB-8527-7D665C472611}
	EndGlobalSection
EndGlobal
